{
  "requires": true,
  "lockfileVersion": 1,
  "dependencies": {
    "onesignal-cordova-plugin": {
      "version": "2.4.7",
      "resolved": "https://registry.npmjs.org/onesignal-cordova-plugin/-/onesignal-cordova-plugin-2.4.7.tgz",
      "integrity": "sha512-gPCFdx/2+l34g5CWlH8LyC5RobJyiyHHFvuJIbHgeEagcL0ieE+hg5YS+3YzFl93Isnh/mhfV3LEYaUON3ZKuw=="
    }
  }
}
